
Microsoft Visual Studio Solution File, Format Version 12.00
# Visual Studio Version 17
VisualStudioVersion = 17.1.32228.430
MinimumVisualStudioVersion = 10.0.40219.1
Project("{FAE04EC0-301F-11D3-BF4B-00C04F79EFBC}") = "digersubevize", "digersubevize\digersubevize.csproj", "{012BF789-BEF6-43DC-B2D4-B724F2CE42BC}"
EndProject
Global
	GlobalSection(SolutionConfigurationPlatforms) = preSolution
		Debug|Any CPU = Debug|Any CPU
		Release|Any CPU = Release|Any CPU
	EndGlobalSection
	GlobalSection(ProjectConfigurationPlatforms) = postSolution
		{012BF789-BEF6-43DC-B2D4-B724F2CE42BC}.Debug|Any CPU.ActiveCfg = Debug|Any CPU
		{012BF789-BEF6-43DC-B2D4-B724F2CE42BC}.Debug|Any CPU.Build.0 = Debug|Any CPU
		{012BF789-BEF6-43DC-B2D4-B724F2CE42BC}.Release|Any CPU.ActiveCfg = Release|Any CPU
		{012BF789-BEF6-43DC-B2D4-B724F2CE42BC}.Release|Any CPU.Build.0 = Release|Any CPU
	EndGlobalSection
	GlobalSection(SolutionProperties) = preSolution
		HideSolutionNode = FALSE
	EndGlobalSection
	GlobalSection(ExtensibilityGlobals) = postSolution
		SolutionGuid = {AF3FF1F2-B8F9-48A2-8720-91F93F85B8A5}
	EndGlobalSection
EndGlobal
